// !$*UTF8*$!
{
	archiveVersion = 1;
	classes = {
	};
	objectVersion = 48;
	objects = {

/* Begin PBXBuildFile section */
		316BF6201FB2A7E500B3EF10 /* main.cpp in Sources */ = {isa = PBXBuildFile; fileRef = 316BF61F1FB2A7E500B3EF10 /* main.cpp */; };
/* End PBXBuildFile section */

/* Begin PBXCopyFilesBuildPhase section */
		316BF61A1FB2A7E500B3EF10 /* CopyFiles */ = {
			isa = PBXCopyFilesBuildPhase;
			buildActionMask = 2147483647;
			dstPath = /usr/share/man/man1/;
			dstSubfolderSpec = 0;
			files = (
			);
			runOnlyForDeploymentPostprocessing = 1;
		};
/* End PBXCopyFilesBuildPhase section */

/* Begin PBXFileReference section */
		316BF61C1FB2A7E500B3EF10 /* Linked-List */ = {isa = PBXFileReference; explicitFileType = "compiled.mach-o.executable"; includeInIndex = 0; path = "Linked-List"; sourceTree = BUILT_PRODUCTS_DIR; };
		316BF61F1FB2A7E500B3EF10 /* main.cpp */ = {isa = PBXFileReference; lastKnownFileType = sourcecode.cpp.cpp; path = main.cpp; sourceTree = "<group>"; };
		316BF6261FB2A80900B3EF10 /* header.h */ = {isa = PBXFileReference; lastKnownFileType = sourcecode.c.h; path = header.h; sourceTree = "<group>"; };
		316BF6271FB2A83E00B3EF10 /* ll-add-to-tail.cpp */ = {isa = PBXFileReference; lastKnownFileType = sourcecode.cpp.cpp; path = "ll-add-to-tail.cpp"; sourceTree = "<group>"; };
		316BF62A1FB2ABE800B3EF10 /* ll-add-to-head.cpp */ = {isa = PBXFileReference; lastKnownFileType = sourcecode.cpp.cpp; path = "ll-add-to-head.cpp"; sourceTree = "<group>"; };
		316BF6401FB2C06000B3EF10 /* ll-sorted-linked-list.cpp */ = {isa = PBXFileReference; lastKnownFileType = sourcecode.cpp.cpp; path = "ll-sorted-linked-list.cpp"; sourceTree = "<group>"; };
		31F2EAA11FB569EC00C81C79 /* ll-delete-first.cpp */ = {isa = PBXFileReference; lastKnownFileType = sourcecode.cpp.cpp; path = "ll-delete-first.cpp"; sourceTree = "<group>"; };
		31F2EAA21FB57CCC00C81C79 /* ll-search.cpp */ = {isa = PBXFileReference; lastKnownFileType = sourcecode.cpp.cpp; path = "ll-search.cpp"; sourceTree = "<group>"; };
		31F2EAA31FB588A100C81C79 /* ll-get-last.cpp */ = {isa = PBXFileReference; lastKnownFileType = sourcecode.cpp.cpp; path = "ll-get-last.cpp"; sourceTree = "<group>"; };
		31F2EAA41FB5F66600C81C79 /* ll-insertion-.cpp */ = {isa = PBXFileReference; lastKnownFileType = sourcecode.cpp.cpp; path = "ll-insertion-.cpp"; sourceTree = "<group>"; };
		31F2EAA51FB5F67F00C81C79 /* ll-deletion-.cpp */ = {isa = PBXFileReference; lastKnownFileType = sourcecode.cpp.cpp; path = "ll-deletion-.cpp"; sourceTree = "<group>"; };
		31F2EAA61FB5F89F00C81C79 /* ll-delete-last-.cpp */ = {isa = PBXFileReference; lastKnownFileType = sourcecode.cpp.cpp; path = "ll-delete-last-.cpp"; sourceTree = "<group>"; };
		31F2EAA91FB5F9BF00C81C79 /* ll-palindrome-.cpp */ = {isa = PBXFileReference; lastKnownFileType = sourcecode.cpp.cpp; path = "ll-palindrome-.cpp"; sourceTree = "<group>"; };
		31F2EAAA1FB5F9EB00C81C79 /* ll-anagram-.cpp */ = {isa = PBXFileReference; lastKnownFileType = sourcecode.cpp.cpp; path = "ll-anagram-.cpp"; sourceTree = "<group>"; };
		31F2EAAB1FB5FA4400C81C79 /* ll-store-linked-list-using-arrays.cpp */ = {isa = PBXFileReference; lastKnownFileType = sourcecode.cpp.cpp; path = "ll-store-linked-list-using-arrays.cpp"; sourceTree = "<group>"; };
/* End PBXFileReference section */

/* Begin PBXFrameworksBuildPhase section */
		316BF6191FB2A7E500B3EF10 /* Frameworks */ = {
			isa = PBXFrameworksBuildPhase;
			buildActionMask = 2147483647;
			files = (
			);
			runOnlyForDeploymentPostprocessing = 0;
		};
/* End PBXFrameworksBuildPhase section */

/* Begin PBXGroup section */
		316BF6131FB2A7E500B3EF10 = {
			isa = PBXGroup;
			children = (
				316BF61E1FB2A7E500B3EF10 /* Linked-List */,
				316BF61D1FB2A7E500B3EF10 /* Products */,
			);
			sourceTree = "<group>";
		};
		316BF61D1FB2A7E500B3EF10 /* Products */ = {
			isa = PBXGroup;
			children = (
				316BF61C1FB2A7E500B3EF10 /* Linked-List */,
			);
			name = Products;
			sourceTree = "<group>";
		};
		316BF61E1FB2A7E500B3EF10 /* Linked-List */ = {
			isa = PBXGroup;
			children = (
				316BF61F1FB2A7E500B3EF10 /* main.cpp */,
				316BF6261FB2A80900B3EF10 /* header.h */,
				316BF62A1FB2ABE800B3EF10 /* ll-add-to-head.cpp */,
				316BF6271FB2A83E00B3EF10 /* ll-add-to-tail.cpp */,
				316BF6401FB2C06000B3EF10 /* ll-sorted-linked-list.cpp */,
				31F2EAA11FB569EC00C81C79 /* ll-delete-first.cpp */,
				31F2EAA21FB57CCC00C81C79 /* ll-search.cpp */,
				31F2EAA31FB588A100C81C79 /* ll-get-last.cpp */,
				31F2EAA41FB5F66600C81C79 /* ll-insertion-.cpp */,
				31F2EAA51FB5F67F00C81C79 /* ll-deletion-.cpp */,
				31F2EAA61FB5F89F00C81C79 /* ll-delete-last-.cpp */,
				31F2EAA91FB5F9BF00C81C79 /* ll-palindrome-.cpp */,
				31F2EAAA1FB5F9EB00C81C79 /* ll-anagram-.cpp */,
				31F2EAAB1FB5FA4400C81C79 /* ll-store-linked-list-using-arrays.cpp */,
			);
			path = "Linked-List";
			sourceTree = "<group>";
		};
/* End PBXGroup section */

/* Begin PBXNativeTarget section */
		316BF61B1FB2A7E500B3EF10 /* Linked-List */ = {
			isa = PBXNativeTarget;
			buildConfigurationList = 316BF6231FB2A7E500B3EF10 /* Build configuration list for PBXNativeTarget "Linked-List" */;
			buildPhases = (
				316BF6181FB2A7E500B3EF10 /* Sources */,
				316BF6191FB2A7E500B3EF10 /* Frameworks */,
				316BF61A1FB2A7E500B3EF10 /* CopyFiles */,
			);
			buildRules = (
			);
			dependencies = (
			);
			name = "Linked-List";
			productName = "Linked-List";
			productReference = 316BF61C1FB2A7E500B3EF10 /* Linked-List */;
			productType = "com.apple.product-type.tool";
		};
/* End PBXNativeTarget section */

/* Begin PBXProject section */
		316BF6141FB2A7E500B3EF10 /* Project object */ = {
			isa = PBXProject;
			attributes = {
				LastUpgradeCheck = 0900;
				ORGANIZATIONNAME = "Parvez Kose";
				TargetAttributes = {
					316BF61B1FB2A7E500B3EF10 = {
						CreatedOnToolsVersion = 9.0.1;
						ProvisioningStyle = Automatic;
					};
				};
			};
			buildConfigurationList = 316BF6171FB2A7E500B3EF10 /* Build configuration list for PBXProject "Linked-List" */;
			compatibilityVersion = "Xcode 8.0";
			developmentRegion = en;
			hasScannedForEncodings = 0;
			knownRegions = (
				en,
			);
			mainGroup = 316BF6131FB2A7E500B3EF10;
			productRefGroup = 316BF61D1FB2A7E500B3EF10 /* Products */;
			projectDirPath = "";
			projectRoot = "";
			targets = (
				316BF61B1FB2A7E500B3EF10 /* Linked-List */,
			);
		};
/* End PBXProject section */

/* Begin PBXSourcesBuildPhase section */
		316BF6181FB2A7E500B3EF10 /* Sources */ = {
			isa = PBXSourcesBuildPhase;
			buildActionMask = 2147483647;
			files = (
				316BF6201FB2A7E500B3EF10 /* main.cpp in Sources */,
			);
			runOnlyForDeploymentPostprocessing = 0;
		};
/* End PBXSourcesBuildPhase section */

/* Begin XCBuildConfiguration section */
		316BF6211FB2A7E500B3EF10 /* Debug */ = {
			isa = XCBuildConfiguration;
			buildSettings = {
				ALWAYS_SEARCH_USER_PATHS = NO;
				CLANG_ANALYZER_NONNULL = YES;
				CLANG_ANALYZER_NUMBER_OBJECT_CONVERSION = YES_AGGRESSIVE;
				CLANG_CXX_LANGUAGE_STANDARD = "gnu++14";
				CLANG_CXX_LIBRARY = "libc++";
				CLANG_ENABLE_MODULES = YES;
				CLANG_ENABLE_OBJC_ARC = YES;
				CLANG_WARN_BLOCK_CAPTURE_AUTORELEASING = YES;
				CLANG_WARN_BOOL_CONVERSION = YES;
				CLANG_WARN_COMMA = YES;
				CLANG_WARN_CONSTANT_CONVERSION = YES;
				CLANG_WARN_DIRECT_OBJC_ISA_USAGE = YES_ERROR;
				CLANG_WARN_DOCUMENTATION_COMMENTS = YES;
				CLANG_WARN_EMPTY_BODY = YES;
				CLANG_WARN_ENUM_CONVERSION = YES;
				CLANG_WARN_INFINITE_RECURSION = YES;
				CLANG_WARN_INT_CONVERSION = YES;
				CLANG_WARN_NON_LITERAL_NULL_CONVERSION = YES;
				CLANG_WARN_OBJC_LITERAL_CONVERSION = YES;
				CLANG_WARN_OBJC_ROOT_CLASS = YES_ERROR;
				CLANG_WARN_RANGE_LOOP_ANALYSIS = YES;
				CLANG_WARN_STRICT_PROTOTYPES = YES;
				CLANG_WARN_SUSPICIOUS_MOVE = YES;
				CLANG_WARN_UNGUARDED_AVAILABILITY = YES_AGGRESSIVE;
				CLANG_WARN_UNREACHABLE_CODE = YES;
				CLANG_WARN__DUPLICATE_METHOD_MATCH = YES;
				CODE_SIGN_IDENTITY = "-";
				COPY_PHASE_STRIP = NO;
				DEBUG_INFORMATION_FORMAT = dwarf;
				ENABLE_STRICT_OBJC_MSGSEND = YES;
				ENABLE_TESTABILITY = YES;
				GCC_C_LANGUAGE_STANDARD = gnu11;
				GCC_DYNAMIC_NO_PIC = NO;
				GCC_NO_COMMON_BLOCKS = YES;
				GCC_OPTIMIZATION_LEVEL = 0;
				GCC_PREPROCESSOR_DEFINITIONS = (
					"DEBUG=1",
					"$(inherited)",
				);
				GCC_WARN_64_TO_32_BIT_CONVERSION = YES;
				GCC_WARN_ABOUT_RETURN_TYPE = YES_ERROR;
				GCC_WARN_UNDECLARED_SELECTOR = YES;
				GCC_WARN_UNINITIALIZED_AUTOS = YES_AGGRESSIVE;
				GCC_WARN_UNUSED_FUNCTION = YES;
				GCC_WARN_UNUSED_VARIABLE = YES;
				MACOSX_DEPLOYMENT_TARGET = 10.12;
				MTL_ENABLE_DEBUG_INFO = YES;
				ONLY_ACTIVE_ARCH = YES;
				SDKROOT = macosx;
			};
			name = Debug;
		};
		316BF6221FB2A7E500B3EF10 /* Release */ = {
			isa = XCBuildConfiguration;
			buildSettings = {
				ALWAYS_SEARCH_USER_PATHS = NO;
				CLANG_ANALYZER_NONNULL = YES;
				CLANG_ANALYZER_NUMBER_OBJECT_CONVERSION = YES_AGGRESSIVE;
				CLANG_CXX_LANGUAGE_STANDARD = "gnu++14";
				CLANG_CXX_LIBRARY = "libc++";
				CLANG_ENABLE_MODULES = YES;
				CLANG_ENABLE_OBJC_ARC = YES;
				CLANG_WARN_BLOCK_CAPTURE_AUTORELEASING = YES;
				CLANG_WARN_BOOL_CONVERSION = YES;
				CLANG_WARN_COMMA = YES;
				CLANG_WARN_CONSTANT_CONVERSION = YES;
				CLANG_WARN_DIRECT_OBJC_ISA_USAGE = YES_ERROR;
				CLANG_WARN_DOCUMENTATION_COMMENTS = YES;
				CLANG_WARN_EMPTY_BODY = YES;
				CLANG_WARN_ENUM_CONVERSION = YES;
				CLANG_WARN_INFINITE_RECURSION = YES;
				CLANG_WARN_INT_CONVERSION = YES;
				CLANG_WARN_NON_LITERAL_NULL_CONVERSION = YES;
				CLANG_WARN_OBJC_LITERAL_CONVERSION = YES;
				CLANG_WARN_OBJC_ROOT_CLASS = YES_ERROR;
				CLANG_WARN_RANGE_LOOP_ANALYSIS = YES;
				CLANG_WARN_STRICT_PROTOTYPES = YES;
				CLANG_WARN_SUSPICIOUS_MOVE = YES;
				CLANG_WARN_UNGUARDED_AVAILABILITY = YES_AGGRESSIVE;
				CLANG_WARN_UNREACHABLE_CODE = YES;
				CLANG_WARN__DUPLICATE_METHOD_MATCH = YES;
				CODE_SIGN_IDENTITY = "-";
				COPY_PHASE_STRIP = NO;
				DEBUG_INFORMATION_FORMAT = "dwarf-with-dsym";
				ENABLE_NS_ASSERTIONS = NO;
				ENABLE_STRICT_OBJC_MSGSEND = YES;
				GCC_C_LANGUAGE_STANDARD = gnu11;
				GCC_NO_COMMON_BLOCKS = YES;
				GCC_WARN_64_TO_32_BIT_CONVERSION = YES;
				GCC_WARN_ABOUT_RETURN_TYPE = YES_ERROR;
				GCC_WARN_UNDECLARED_SELECTOR = YES;
				GCC_WARN_UNINITIALIZED_AUTOS = YES_AGGRESSIVE;
				GCC_WARN_UNUSED_FUNCTION = YES;
				GCC_WARN_UNUSED_VARIABLE = YES;
				MACOSX_DEPLOYMENT_TARGET = 10.12;
				MTL_ENABLE_DEBUG_INFO = NO;
				SDKROOT = macosx;
			};
			name = Release;
		};
		316BF6241FB2A7E500B3EF10 /* Debug */ = {
			isa = XCBuildConfiguration;
			buildSettings = {
				CODE_SIGN_STYLE = Automatic;
				PRODUCT_NAME = "$(TARGET_NAME)";
			};
			name = Debug;
		};
		316BF6251FB2A7E500B3EF10 /* Release */ = {
			isa = XCBuildConfiguration;
			buildSettings = {
				CODE_SIGN_STYLE = Automatic;
				PRODUCT_NAME = "$(TARGET_NAME)";
			};
			name = Release;
		};
/* End XCBuildConfiguration section */

/* Begin XCConfigurationList section */
		316BF6171FB2A7E500B3EF10 /* Build configuration list for PBXProject "Linked-List" */ = {
			isa = XCConfigurationList;
			buildConfigurations = (
				316BF6211FB2A7E500B3EF10 /* Debug */,
				316BF6221FB2A7E500B3EF10 /* Release */,
			);
			defaultConfigurationIsVisible = 0;
			defaultConfigurationName = Release;
		};
		316BF6231FB2A7E500B3EF10 /* Build configuration list for PBXNativeTarget "Linked-List" */ = {
			isa = XCConfigurationList;
			buildConfigurations = (
				316BF6241FB2A7E500B3EF10 /* Debug */,
				316BF6251FB2A7E500B3EF10 /* Release */,
			);
			defaultConfigurationIsVisible = 0;
			defaultConfigurationName = Release;
		};
/* End XCConfigurationList section */
	};
	rootObject = 316BF6141FB2A7E500B3EF10 /* Project object */;
}
